
Microsoft Visual Studio Solution File, Format Version 12.00
Project("{FAE04EC0-301F-11D3-BF4B-00C04F79EFBC}") = "DelegateTask", "DelegateTask\DelegateTask.csproj", "{61BDDA00-0EC5-49EA-A6BA-72935FA3A778}"
EndProject
Global
	GlobalSection(SolutionConfigurationPlatforms) = preSolution
		Debug|Any CPU = Debug|Any CPU
		Release|Any CPU = Release|Any CPU
	EndGlobalSection
	GlobalSection(ProjectConfigurationPlatforms) = postSolution
		{61BDDA00-0EC5-49EA-A6BA-72935FA3A778}.Debug|Any CPU.ActiveCfg = Debug|Any CPU
		{61BDDA00-0EC5-49EA-A6BA-72935FA3A778}.Debug|Any CPU.Build.0 = Debug|Any CPU
		{61BDDA00-0EC5-49EA-A6BA-72935FA3A778}.Release|Any CPU.ActiveCfg = Release|Any CPU
		{61BDDA00-0EC5-49EA-A6BA-72935FA3A778}.Release|Any CPU.Build.0 = Release|Any CPU
	EndGlobalSection
EndGlobal
